
Microsoft Visual Studio Solution File, Format Version 12.00
# Visual Studio Version 17
VisualStudioVersion = 17.6.33829.357
MinimumVisualStudioVersion = 10.0.40219.1
Project("{2150E333-8FDC-42A3-9474-1A3956D46DE8}") = "src", "src", "{6F888677-BA31-4FE7-97C5-973D199B3F8D}"
EndProject
Project("{2150E333-8FDC-42A3-9474-1A3956D46DE8}") = "test", "test", "{C2C6AD1B-510D-42C5-954E-1214C2D5DEED}"
EndProject
Project("{2150E333-8FDC-42A3-9474-1A3956D46DE8}") = "UI", "UI", "{F1B49B69-9FFE-4AFD-98A9-3B548B286CA3}"
EndProject
Project("{2150E333-8FDC-42A3-9474-1A3956D46DE8}") = "Core", "Core", "{13F576A1-8303-4BEC-85D1-05994FDDCDFD}"
EndProject
Project("{2150E333-8FDC-42A3-9474-1A3956D46DE8}") = "Infrastructure", "Infrastructure", "{CB1EFFAD-34EA-4AFE-986C-844AD00CA310}"
EndProject
Project("{2150E333-8FDC-42A3-9474-1A3956D46DE8}") = "API", "API", "{BD204DCC-1A94-4260-8D8E-239A7321E63D}"
EndProject
Project("{9A19103F-16F7-4668-BE54-9A1E7A4F7556}") = "HR.LeaveManagement.Domain", "HR.LeaveManagement.Domain\HR.LeaveManagement.Domain.csproj", "{DC2FFDA0-DEF0-4698-9F20-89A686A145B6}"
EndProject
Project("{9A19103F-16F7-4668-BE54-9A1E7A4F7556}") = "HR.LeaveManagement.Application", "HR.LeaveManagement.Application\HR.LeaveManagement.Application.csproj", "{0D9780BF-F43E-426D-B068-F718E79AADE2}"
EndProject
Project("{9A19103F-16F7-4668-BE54-9A1E7A4F7556}") = "HR.LeaveManagement.Persistence", "HR.LeaveManagement.Persistence\HR.LeaveManagement.Persistence.csproj", "{580B1607-CF55-478B-AB0B-50620562D9FF}"
EndProject
Project("{9A19103F-16F7-4668-BE54-9A1E7A4F7556}") = "HR.LeaveManagement.Infrastructure", "HR.LeaveManagement.Infrastructure\HR.LeaveManagement.Infrastructure.csproj", "{862E4BC4-B91D-49E4-A2C8-13ABBA59A259}"
EndProject
Project("{9A19103F-16F7-4668-BE54-9A1E7A4F7556}") = "HR.LeaveManagement.Api", "HR.LeaveManagement.Api\HR.LeaveManagement.Api.csproj", "{31D3F587-C83F-4804-A934-D87A5F3EE038}"
EndProject
Project("{9A19103F-16F7-4668-BE54-9A1E7A4F7556}") = "HR.LeaveManagement.Application.UnitTests", "HR.LeaveManagement.Application.UnitTests\HR.LeaveManagement.Application.UnitTests.csproj", "{853A6524-28F6-4EF6-AA09-48FA8277B89B}"
EndProject
Project("{9A19103F-16F7-4668-BE54-9A1E7A4F7556}") = "HR.LeaveManagement.Persistence.IntegrationTests", "HR.LeaveManagement.Persistence.IntegrationTests\HR.LeaveManagement.Persistence.IntegrationTests.csproj", "{35B72832-199F-4C51-BD59-F9B6925ADEF7}"
EndProject
Project("{9A19103F-16F7-4668-BE54-9A1E7A4F7556}") = "HR.LeaveManagement.BlazorUI", "HR.LeaveManagement.BlazorUI\HR.LeaveManagement.BlazorUI.csproj", "{0A2DC56A-A65F-4EDB-9BAB-CA16E9F92EEF}"
EndProject
Project("{9A19103F-16F7-4668-BE54-9A1E7A4F7556}") = "HR.LeaveManagement.Identity", "HR.LeaveManagement.Identity\HR.LeaveManagement.Identity.csproj", "{25EB3494-4171-4762-93A5-117FFA8EC978}"
EndProject
Global
	GlobalSection(SolutionConfigurationPlatforms) = preSolution
		Debug|Any CPU = Debug|Any CPU
		Release|Any CPU = Release|Any CPU
	EndGlobalSection
	GlobalSection(ProjectConfigurationPlatforms) = postSolution
		{DC2FFDA0-DEF0-4698-9F20-89A686A145B6}.Debug|Any CPU.ActiveCfg = Debug|Any CPU
		{DC2FFDA0-DEF0-4698-9F20-89A686A145B6}.Debug|Any CPU.Build.0 = Debug|Any CPU
		{DC2FFDA0-DEF0-4698-9F20-89A686A145B6}.Release|Any CPU.ActiveCfg = Release|Any CPU
		{DC2FFDA0-DEF0-4698-9F20-89A686A145B6}.Release|Any CPU.Build.0 = Release|Any CPU
		{0D9780BF-F43E-426D-B068-F718E79AADE2}.Debug|Any CPU.ActiveCfg = Debug|Any CPU
		{0D9780BF-F43E-426D-B068-F718E79AADE2}.Debug|Any CPU.Build.0 = Debug|Any CPU
		{0D9780BF-F43E-426D-B068-F718E79AADE2}.Release|Any CPU.ActiveCfg = Release|Any CPU
		{0D9780BF-F43E-426D-B068-F718E79AADE2}.Release|Any CPU.Build.0 = Release|Any CPU
		{580B1607-CF55-478B-AB0B-50620562D9FF}.Debug|Any CPU.ActiveCfg = Debug|Any CPU
		{580B1607-CF55-478B-AB0B-50620562D9FF}.Debug|Any CPU.Build.0 = Debug|Any CPU
		{580B1607-CF55-478B-AB0B-50620562D9FF}.Release|Any CPU.ActiveCfg = Release|Any CPU
		{580B1607-CF55-478B-AB0B-50620562D9FF}.Release|Any CPU.Build.0 = Release|Any CPU
		{862E4BC4-B91D-49E4-A2C8-13ABBA59A259}.Debug|Any CPU.ActiveCfg = Debug|Any CPU
		{862E4BC4-B91D-49E4-A2C8-13ABBA59A259}.Debug|Any CPU.Build.0 = Debug|Any CPU
		{862E4BC4-B91D-49E4-A2C8-13ABBA59A259}.Release|Any CPU.ActiveCfg = Release|Any CPU
		{862E4BC4-B91D-49E4-A2C8-13ABBA59A259}.Release|Any CPU.Build.0 = Release|Any CPU
		{31D3F587-C83F-4804-A934-D87A5F3EE038}.Debug|Any CPU.ActiveCfg = Debug|Any CPU
		{31D3F587-C83F-4804-A934-D87A5F3EE038}.Debug|Any CPU.Build.0 = Debug|Any CPU
		{31D3F587-C83F-4804-A934-D87A5F3EE038}.Release|Any CPU.ActiveCfg = Release|Any CPU
		{31D3F587-C83F-4804-A934-D87A5F3EE038}.Release|Any CPU.Build.0 = Release|Any CPU
		{853A6524-28F6-4EF6-AA09-48FA8277B89B}.Debug|Any CPU.ActiveCfg = Debug|Any CPU
		{853A6524-28F6-4EF6-AA09-48FA8277B89B}.Debug|Any CPU.Build.0 = Debug|Any CPU
		{853A6524-28F6-4EF6-AA09-48FA8277B89B}.Release|Any CPU.ActiveCfg = Release|Any CPU
		{853A6524-28F6-4EF6-AA09-48FA8277B89B}.Release|Any CPU.Build.0 = Release|Any CPU
		{35B72832-199F-4C51-BD59-F9B6925ADEF7}.Debug|Any CPU.ActiveCfg = Debug|Any CPU
		{35B72832-199F-4C51-BD59-F9B6925ADEF7}.Debug|Any CPU.Build.0 = Debug|Any CPU
		{35B72832-199F-4C51-BD59-F9B6925ADEF7}.Release|Any CPU.ActiveCfg = Release|Any CPU
		{35B72832-199F-4C51-BD59-F9B6925ADEF7}.Release|Any CPU.Build.0 = Release|Any CPU
		{0A2DC56A-A65F-4EDB-9BAB-CA16E9F92EEF}.Debug|Any CPU.ActiveCfg = Debug|Any CPU
		{0A2DC56A-A65F-4EDB-9BAB-CA16E9F92EEF}.Debug|Any CPU.Build.0 = Debug|Any CPU
		{0A2DC56A-A65F-4EDB-9BAB-CA16E9F92EEF}.Release|Any CPU.ActiveCfg = Release|Any CPU
		{0A2DC56A-A65F-4EDB-9BAB-CA16E9F92EEF}.Release|Any CPU.Build.0 = Release|Any CPU
		{25EB3494-4171-4762-93A5-117FFA8EC978}.Debug|Any CPU.ActiveCfg = Debug|Any CPU
		{25EB3494-4171-4762-93A5-117FFA8EC978}.Debug|Any CPU.Build.0 = Debug|Any CPU
		{25EB3494-4171-4762-93A5-117FFA8EC978}.Release|Any CPU.ActiveCfg = Release|Any CPU
		{25EB3494-4171-4762-93A5-117FFA8EC978}.Release|Any CPU.Build.0 = Release|Any CPU
	EndGlobalSection
	GlobalSection(SolutionProperties) = preSolution
		HideSolutionNode = FALSE
	EndGlobalSection
	GlobalSection(NestedProjects) = preSolution
		{F1B49B69-9FFE-4AFD-98A9-3B548B286CA3} = {6F888677-BA31-4FE7-97C5-973D199B3F8D}
		{13F576A1-8303-4BEC-85D1-05994FDDCDFD} = {6F888677-BA31-4FE7-97C5-973D199B3F8D}
		{CB1EFFAD-34EA-4AFE-986C-844AD00CA310} = {6F888677-BA31-4FE7-97C5-973D199B3F8D}
		{BD204DCC-1A94-4260-8D8E-239A7321E63D} = {6F888677-BA31-4FE7-97C5-973D199B3F8D}
		{DC2FFDA0-DEF0-4698-9F20-89A686A145B6} = {13F576A1-8303-4BEC-85D1-05994FDDCDFD}
		{0D9780BF-F43E-426D-B068-F718E79AADE2} = {13F576A1-8303-4BEC-85D1-05994FDDCDFD}
		{580B1607-CF55-478B-AB0B-50620562D9FF} = {CB1EFFAD-34EA-4AFE-986C-844AD00CA310}
		{862E4BC4-B91D-49E4-A2C8-13ABBA59A259} = {CB1EFFAD-34EA-4AFE-986C-844AD00CA310}
		{31D3F587-C83F-4804-A934-D87A5F3EE038} = {BD204DCC-1A94-4260-8D8E-239A7321E63D}
		{853A6524-28F6-4EF6-AA09-48FA8277B89B} = {C2C6AD1B-510D-42C5-954E-1214C2D5DEED}
		{35B72832-199F-4C51-BD59-F9B6925ADEF7} = {C2C6AD1B-510D-42C5-954E-1214C2D5DEED}
		{0A2DC56A-A65F-4EDB-9BAB-CA16E9F92EEF} = {F1B49B69-9FFE-4AFD-98A9-3B548B286CA3}
		{25EB3494-4171-4762-93A5-117FFA8EC978} = {CB1EFFAD-34EA-4AFE-986C-844AD00CA310}
	EndGlobalSection
	GlobalSection(ExtensibilityGlobals) = postSolution
		SolutionGuid = {A07F11EA-B634-4A59-8536-9437DED8EB8A}
	EndGlobalSection
EndGlobal
